
Microsoft Visual Studio Solution File, Format Version 12.00
# Visual Studio Version 17
VisualStudioVersion = 17.7.33808.371
MinimumVisualStudioVersion = 10.0.40219.1
Project("{FAE04EC0-301F-11D3-BF4B-00C04F79EFBC}") = "BG3Cam", "BG3Cam\BG3Cam.csproj", "{C7A82634-9636-4C7C-BBC0-A96AAAD3F9EA}"
EndProject
Global
	GlobalSection(SolutionConfigurationPlatforms) = preSolution
		Debug|Any CPU = Debug|Any CPU
		Release|Any CPU = Release|Any CPU
	EndGlobalSection
	GlobalSection(ProjectConfigurationPlatforms) = postSolution
		{C7A82634-9636-4C7C-BBC0-A96AAAD3F9EA}.Debug|Any CPU.ActiveCfg = Debug|Any CPU
		{C7A82634-9636-4C7C-BBC0-A96AAAD3F9EA}.Debug|Any CPU.Build.0 = Debug|Any CPU
		{C7A82634-9636-4C7C-BBC0-A96AAAD3F9EA}.Release|Any CPU.ActiveCfg = Release|Any CPU
		{C7A82634-9636-4C7C-BBC0-A96AAAD3F9EA}.Release|Any CPU.Build.0 = Release|Any CPU
	EndGlobalSection
	GlobalSection(SolutionProperties) = preSolution
		HideSolutionNode = FALSE
	EndGlobalSection
	GlobalSection(ExtensibilityGlobals) = postSolution
		SolutionGuid = {79251129-647B-487E-A7EC-6C85CD97FA38}
	EndGlobalSection
EndGlobal
